[[package]]
name = "ipnetwork"
version = "0.12.8"
source = "registry+https://github.com/rust-lang/crates.io-index"

[[package]]
name = "ipnetwork-example"
version = "0.1.0"
dependencies = [
 "ipnetwork 0.12.8 (registry+https://github.com/rust-lang/crates.io-index)",
]

[metadata]
"checksum ipnetwork 0.12.8 (registry+https://github.com/rust-lang/crates.io-index)" = "70783119ac90828aaba91eae39db32c6c1b8838deea3637e5238efa0130801ab"
